using System;
using System.Collections.Generic;
using System.Linq;
using System.Text;
using System.Threading.Tasks;

namespace ConsoleApp3
{
    class Program
    {
        static void Main(string[] args)
        {
            int cardH=0, cardS, cardM, countP = 0, countF = 0, sumH = 0, sumS = 0, sumM = 0;

            while (cardH != -1)
            {
                Console.WriteLine("Press card H");
                cardH = int.Parse(Console.ReadLine());
                if (cardH == -1)
                    continue;
                Console.WriteLine("Press card S");
                cardS = int.Parse(Console.ReadLine());
                Console.WriteLine("Press card M");
                cardM = int.Parse(Console.ReadLine());
                Console.WriteLine("====================");
                countP++;
                sumH = sumH + cardH;
                sumS = sumS + cardS;
                sumM = sumM + cardM;
                if (cardH > 10)
                    countF++;

            }

            
            Console.WriteLine("Count Pepole:" + countP);
            Console.WriteLine("Sum H:" + sumH);
            Console.WriteLine("Sum S:" + sumS);
            Console.WriteLine("Sum M:" + sumM);
            Console.WriteLine("Count F:" + countF);
            Console.ReadLine();
        }
    }
}

